
Microsoft Visual Studio Solution File, Format Version 12.00
# Visual Studio 15
VisualStudioVersion = 15.0.26228.9
MinimumVisualStudioVersion = 10.0.40219.1
Project("{FAE04EC0-301F-11D3-BF4B-00C04F79EFBC}") = "Powercoders.Calculator.UI", "Powercoders.Calculator.UI\Powercoders.Calculator.UI.csproj", "{0BC748F4-AA37-4F62-A88E-679B5F407CDC}"
EndProject
Project("{FAE04EC0-301F-11D3-BF4B-00C04F79EFBC}") = "Powercoders.Calculator.Brain", "Powercoders.Calculator.Brain\Powercoders.Calculator.Brain.csproj", "{99868725-0901-42D7-B4E7-6ACC289A71F0}"
EndProject
Global
	GlobalSection(SolutionConfigurationPlatforms) = preSolution
		Debug|Any CPU = Debug|Any CPU
		Release|Any CPU = Release|Any CPU
	EndGlobalSection
	GlobalSection(ProjectConfigurationPlatforms) = postSolution
		{0BC748F4-AA37-4F62-A88E-679B5F407CDC}.Debug|Any CPU.ActiveCfg = Debug|Any CPU
		{0BC748F4-AA37-4F62-A88E-679B5F407CDC}.Debug|Any CPU.Build.0 = Debug|Any CPU
		{0BC748F4-AA37-4F62-A88E-679B5F407CDC}.Release|Any CPU.ActiveCfg = Release|Any CPU
		{0BC748F4-AA37-4F62-A88E-679B5F407CDC}.Release|Any CPU.Build.0 = Release|Any CPU
		{99868725-0901-42D7-B4E7-6ACC289A71F0}.Debug|Any CPU.ActiveCfg = Debug|Any CPU
		{99868725-0901-42D7-B4E7-6ACC289A71F0}.Debug|Any CPU.Build.0 = Debug|Any CPU
		{99868725-0901-42D7-B4E7-6ACC289A71F0}.Release|Any CPU.ActiveCfg = Release|Any CPU
		{99868725-0901-42D7-B4E7-6ACC289A71F0}.Release|Any CPU.Build.0 = Release|Any CPU
	EndGlobalSection
	GlobalSection(SolutionProperties) = preSolution
		HideSolutionNode = FALSE
	EndGlobalSection
	GlobalSection(TeamFoundationVersionControl) = preSolution
		SccNumberOfProjects = 3
		SccEnterpriseProvider = {4CA58AB2-18FA-4F8D-95D4-32DDF27D184C}
		SccTeamFoundationServer = https://livemedia.visualstudio.com/
		SccLocalPath0 = .
		SccProjectUniqueName1 = Powercoders.Calculator.UI\\Powercoders.Calculator.UI.csproj
		SccProjectName1 = Powercoders.Calculator.UI
		SccLocalPath1 = Powercoders.Calculator.UI
		SccProjectUniqueName2 = Powercoders.Calculator.Brain\\Powercoders.Calculator.Brain.csproj
		SccProjectName2 = Powercoders.Calculator.Brain
		SccLocalPath2 = Powercoders.Calculator.Brain
	EndGlobalSection
EndGlobal
